
Microsoft Visual Studio Solution File, Format Version 12.00
# Visual Studio Version 17
VisualStudioVersion = 17.8.34511.84
MinimumVisualStudioVersion = 10.0.40219.1
Project("{8BC9CEB8-8B4A-11D0-8D11-00A0C91BC942}") = "ProjectGroupXX", "ProjectGroupXX\ProjectGroupXX.vcxproj", "{DE18D50C-0FC8-4BBA-85A3-289C5DC27CCA}"
EndProject
Global
	GlobalSection(SolutionConfigurationPlatforms) = preSolution
		Debug|x64 = Debug|x64
		Debug|x86 = Debug|x86
		Release|x64 = Release|x64
		Release|x86 = Release|x86
	EndGlobalSection
	GlobalSection(ProjectConfigurationPlatforms) = postSolution
		{DE18D50C-0FC8-4BBA-85A3-289C5DC27CCA}.Debug|x64.ActiveCfg = Debug|x64
		{DE18D50C-0FC8-4BBA-85A3-289C5DC27CCA}.Debug|x64.Build.0 = Debug|x64
		{DE18D50C-0FC8-4BBA-85A3-289C5DC27CCA}.Debug|x86.ActiveCfg = Debug|Win32
		{DE18D50C-0FC8-4BBA-85A3-289C5DC27CCA}.Debug|x86.Build.0 = Debug|Win32
		{DE18D50C-0FC8-4BBA-85A3-289C5DC27CCA}.Release|x64.ActiveCfg = Release|x64
		{DE18D50C-0FC8-4BBA-85A3-289C5DC27CCA}.Release|x64.Build.0 = Release|x64
		{DE18D50C-0FC8-4BBA-85A3-289C5DC27CCA}.Release|x86.ActiveCfg = Release|Win32
		{DE18D50C-0FC8-4BBA-85A3-289C5DC27CCA}.Release|x86.Build.0 = Release|Win32
	EndGlobalSection
	GlobalSection(SolutionProperties) = preSolution
		HideSolutionNode = FALSE
	EndGlobalSection
	GlobalSection(ExtensibilityGlobals) = postSolution
		SolutionGuid = {6A46EB44-C30C-49D7-BA80-755D3A58D1E9}
	EndGlobalSection
EndGlobal
